
Microsoft Visual Studio Solution File, Format Version 12.00
# Visual Studio 15
VisualStudioVersion = 15.0.26124.0
MinimumVisualStudioVersion = 15.0.26124.0
Project("{FAE04EC0-301F-11D3-BF4B-00C04F79EFBC}") = "Domain", "Domain\Domain.csproj", "{FEF7C3D0-E98A-4A9D-952F-19442680791A}"
EndProject
Project("{FAE04EC0-301F-11D3-BF4B-00C04F79EFBC}") = "Application", "Application\Application.csproj", "{8CCA8C2F-089C-4582-94A0-E2F988E008D9}"
EndProject
Project("{FAE04EC0-301F-11D3-BF4B-00C04F79EFBC}") = "Persistence", "Persistence\Persistence.csproj", "{E7523C10-81B5-4BD7-AF9B-E7569C15C866}"
EndProject
Project("{FAE04EC0-301F-11D3-BF4B-00C04F79EFBC}") = "API", "API\API.csproj", "{705CC512-08BE-458A-A84A-9A0BA0D84C59}"
EndProject
Project("{FAE04EC0-301F-11D3-BF4B-00C04F79EFBC}") = "Infrastructure", "Infrastructure\Infrastructure.csproj", "{F0D252C6-B34E-48B5-A35D-22086B0E70AD}"
EndProject
Global
	GlobalSection(SolutionConfigurationPlatforms) = preSolution
		Debug|Any CPU = Debug|Any CPU
		Debug|x64 = Debug|x64
		Debug|x86 = Debug|x86
		Release|Any CPU = Release|Any CPU
		Release|x64 = Release|x64
		Release|x86 = Release|x86
	EndGlobalSection
	GlobalSection(SolutionProperties) = preSolution
		HideSolutionNode = FALSE
	EndGlobalSection
	GlobalSection(ProjectConfigurationPlatforms) = postSolution
		{FEF7C3D0-E98A-4A9D-952F-19442680791A}.Debug|Any CPU.ActiveCfg = Debug|Any CPU
		{FEF7C3D0-E98A-4A9D-952F-19442680791A}.Debug|Any CPU.Build.0 = Debug|Any CPU
		{FEF7C3D0-E98A-4A9D-952F-19442680791A}.Debug|x64.ActiveCfg = Debug|Any CPU
		{FEF7C3D0-E98A-4A9D-952F-19442680791A}.Debug|x64.Build.0 = Debug|Any CPU
		{FEF7C3D0-E98A-4A9D-952F-19442680791A}.Debug|x86.ActiveCfg = Debug|Any CPU
		{FEF7C3D0-E98A-4A9D-952F-19442680791A}.Debug|x86.Build.0 = Debug|Any CPU
		{FEF7C3D0-E98A-4A9D-952F-19442680791A}.Release|Any CPU.ActiveCfg = Release|Any CPU
		{FEF7C3D0-E98A-4A9D-952F-19442680791A}.Release|Any CPU.Build.0 = Release|Any CPU
		{FEF7C3D0-E98A-4A9D-952F-19442680791A}.Release|x64.ActiveCfg = Release|Any CPU
		{FEF7C3D0-E98A-4A9D-952F-19442680791A}.Release|x64.Build.0 = Release|Any CPU
		{FEF7C3D0-E98A-4A9D-952F-19442680791A}.Release|x86.ActiveCfg = Release|Any CPU
		{FEF7C3D0-E98A-4A9D-952F-19442680791A}.Release|x86.Build.0 = Release|Any CPU
		{8CCA8C2F-089C-4582-94A0-E2F988E008D9}.Debug|Any CPU.ActiveCfg = Debug|Any CPU
		{8CCA8C2F-089C-4582-94A0-E2F988E008D9}.Debug|Any CPU.Build.0 = Debug|Any CPU
		{8CCA8C2F-089C-4582-94A0-E2F988E008D9}.Debug|x64.ActiveCfg = Debug|Any CPU
		{8CCA8C2F-089C-4582-94A0-E2F988E008D9}.Debug|x64.Build.0 = Debug|Any CPU
		{8CCA8C2F-089C-4582-94A0-E2F988E008D9}.Debug|x86.ActiveCfg = Debug|Any CPU
		{8CCA8C2F-089C-4582-94A0-E2F988E008D9}.Debug|x86.Build.0 = Debug|Any CPU
		{8CCA8C2F-089C-4582-94A0-E2F988E008D9}.Release|Any CPU.ActiveCfg = Release|Any CPU
		{8CCA8C2F-089C-4582-94A0-E2F988E008D9}.Release|Any CPU.Build.0 = Release|Any CPU
		{8CCA8C2F-089C-4582-94A0-E2F988E008D9}.Release|x64.ActiveCfg = Release|Any CPU
		{8CCA8C2F-089C-4582-94A0-E2F988E008D9}.Release|x64.Build.0 = Release|Any CPU
		{8CCA8C2F-089C-4582-94A0-E2F988E008D9}.Release|x86.ActiveCfg = Release|Any CPU
		{8CCA8C2F-089C-4582-94A0-E2F988E008D9}.Release|x86.Build.0 = Release|Any CPU
		{E7523C10-81B5-4BD7-AF9B-E7569C15C866}.Debug|Any CPU.ActiveCfg = Debug|Any CPU
		{E7523C10-81B5-4BD7-AF9B-E7569C15C866}.Debug|Any CPU.Build.0 = Debug|Any CPU
		{E7523C10-81B5-4BD7-AF9B-E7569C15C866}.Debug|x64.ActiveCfg = Debug|Any CPU
		{E7523C10-81B5-4BD7-AF9B-E7569C15C866}.Debug|x64.Build.0 = Debug|Any CPU
		{E7523C10-81B5-4BD7-AF9B-E7569C15C866}.Debug|x86.ActiveCfg = Debug|Any CPU
		{E7523C10-81B5-4BD7-AF9B-E7569C15C866}.Debug|x86.Build.0 = Debug|Any CPU
		{E7523C10-81B5-4BD7-AF9B-E7569C15C866}.Release|Any CPU.ActiveCfg = Release|Any CPU
		{E7523C10-81B5-4BD7-AF9B-E7569C15C866}.Release|Any CPU.Build.0 = Release|Any CPU
		{E7523C10-81B5-4BD7-AF9B-E7569C15C866}.Release|x64.ActiveCfg = Release|Any CPU
		{E7523C10-81B5-4BD7-AF9B-E7569C15C866}.Release|x64.Build.0 = Release|Any CPU
		{E7523C10-81B5-4BD7-AF9B-E7569C15C866}.Release|x86.ActiveCfg = Release|Any CPU
		{E7523C10-81B5-4BD7-AF9B-E7569C15C866}.Release|x86.Build.0 = Release|Any CPU
		{705CC512-08BE-458A-A84A-9A0BA0D84C59}.Debug|Any CPU.ActiveCfg = Debug|Any CPU
		{705CC512-08BE-458A-A84A-9A0BA0D84C59}.Debug|Any CPU.Build.0 = Debug|Any CPU
		{705CC512-08BE-458A-A84A-9A0BA0D84C59}.Debug|x64.ActiveCfg = Debug|Any CPU
		{705CC512-08BE-458A-A84A-9A0BA0D84C59}.Debug|x64.Build.0 = Debug|Any CPU
		{705CC512-08BE-458A-A84A-9A0BA0D84C59}.Debug|x86.ActiveCfg = Debug|Any CPU
		{705CC512-08BE-458A-A84A-9A0BA0D84C59}.Debug|x86.Build.0 = Debug|Any CPU
		{705CC512-08BE-458A-A84A-9A0BA0D84C59}.Release|Any CPU.ActiveCfg = Release|Any CPU
		{705CC512-08BE-458A-A84A-9A0BA0D84C59}.Release|Any CPU.Build.0 = Release|Any CPU
		{705CC512-08BE-458A-A84A-9A0BA0D84C59}.Release|x64.ActiveCfg = Release|Any CPU
		{705CC512-08BE-458A-A84A-9A0BA0D84C59}.Release|x64.Build.0 = Release|Any CPU
		{705CC512-08BE-458A-A84A-9A0BA0D84C59}.Release|x86.ActiveCfg = Release|Any CPU
		{705CC512-08BE-458A-A84A-9A0BA0D84C59}.Release|x86.Build.0 = Release|Any CPU
		{F0D252C6-B34E-48B5-A35D-22086B0E70AD}.Debug|Any CPU.ActiveCfg = Debug|Any CPU
		{F0D252C6-B34E-48B5-A35D-22086B0E70AD}.Debug|Any CPU.Build.0 = Debug|Any CPU
		{F0D252C6-B34E-48B5-A35D-22086B0E70AD}.Debug|x64.ActiveCfg = Debug|Any CPU
		{F0D252C6-B34E-48B5-A35D-22086B0E70AD}.Debug|x64.Build.0 = Debug|Any CPU
		{F0D252C6-B34E-48B5-A35D-22086B0E70AD}.Debug|x86.ActiveCfg = Debug|Any CPU
		{F0D252C6-B34E-48B5-A35D-22086B0E70AD}.Debug|x86.Build.0 = Debug|Any CPU
		{F0D252C6-B34E-48B5-A35D-22086B0E70AD}.Release|Any CPU.ActiveCfg = Release|Any CPU
		{F0D252C6-B34E-48B5-A35D-22086B0E70AD}.Release|Any CPU.Build.0 = Release|Any CPU
		{F0D252C6-B34E-48B5-A35D-22086B0E70AD}.Release|x64.ActiveCfg = Release|Any CPU
		{F0D252C6-B34E-48B5-A35D-22086B0E70AD}.Release|x64.Build.0 = Release|Any CPU
		{F0D252C6-B34E-48B5-A35D-22086B0E70AD}.Release|x86.ActiveCfg = Release|Any CPU
		{F0D252C6-B34E-48B5-A35D-22086B0E70AD}.Release|x86.Build.0 = Release|Any CPU
	EndGlobalSection
EndGlobal
